
Microsoft Visual Studio Solution File, Format Version 12.00
Project("{FAE04EC0-301F-11D3-BF4B-00C04F79EFBC}") = "Lab7Auth", "Lab7Auth\Lab7Auth.csproj", "{44ED82BE-DE9E-4C31-9B89-811AEF5480AF}"
EndProject
Global
	GlobalSection(SolutionConfigurationPlatforms) = preSolution
		Debug|Any CPU = Debug|Any CPU
		Release|Any CPU = Release|Any CPU
	EndGlobalSection
	GlobalSection(ProjectConfigurationPlatforms) = postSolution
		{44ED82BE-DE9E-4C31-9B89-811AEF5480AF}.Debug|Any CPU.ActiveCfg = Debug|Any CPU
		{44ED82BE-DE9E-4C31-9B89-811AEF5480AF}.Debug|Any CPU.Build.0 = Debug|Any CPU
		{44ED82BE-DE9E-4C31-9B89-811AEF5480AF}.Release|Any CPU.ActiveCfg = Release|Any CPU
		{44ED82BE-DE9E-4C31-9B89-811AEF5480AF}.Release|Any CPU.Build.0 = Release|Any CPU
	EndGlobalSection
EndGlobal
